<?xml version="1.0" encoding="utf-8"?>
<Project ToolsVersion="4.0" xmlns="http://schemas.microsoft.com/developer/msbuild/2003">
  <ItemGroup>
    <Filter Include="main">
      <UniqueIdentifier>{4FC737F1-C7A5-4376-A066-2A32D752A2FF}</UniqueIdentifier>
      <Extensions>cpp;c;cc;cxx;def;odl;idl;hpj;bat;asm;asmx</Extensions>
    </Filter>
    <Filter Include="lua">
      <UniqueIdentifier>{93995380-89BD-4b04-88EB-625FBE52EBFB}</UniqueIdentifier>
      <Extensions>h;hh;hpp;hxx;hm;inl;inc;ipp;xsd</Extensions>
    </Filter>
    <Filter Include="helper">
      <UniqueIdentifier>{89fe6a5d-9572-4f02-a045-2e4d91b3aabe}</UniqueIdentifier>
    </Filter>
    <Filter Include="scripts">
      <UniqueIdentifier>{247abbee-e74f-4d71-94ae-a75ecb4d5291}</UniqueIdentifier>
    </Filter>
    <Filter Include="build">
      <UniqueIdentifier>{f6a3ad04-b939-4f5b-ae4a-469f475372e8}</UniqueIdentifier>
    </Filter>
    <Filter Include="build\generating">
      <UniqueIdentifier>{75ec252c-ceeb-447e-b4db-495e98d52deb}</UniqueIdentifier>
    </Filter>
  </ItemGroup>
  <ItemGroup>
    <ClCompile Include="helper\debug.cpp">
      <Filter>helper</Filter>
    </ClCompile>
    <ClCompile Include="helper\fileSystem.cpp">
      <Filter>helper</Filter>
    </ClCompile>
    <ClCompile Include="helper\logger.cpp">
      <Filter>helper</Filter>
    </ClCompile>
    <ClCompile Include="scripts\luaContext.cpp">
      <Filter>scripts</Filter>
    </ClCompile>
    <ClCompile Include="lua\lapi.c">
      <Filter>lua</Filter>
    </ClCompile>
    <ClCompile Include="lua\lauxlib.c">
      <Filter>lua</Filter>
    </ClCompile>
    <ClCompile Include="lua\lbaselib.c">
      <Filter>lua</Filter>
    </ClCompile>
    <ClCompile Include="lua\lbitlib.c">
      <Filter>lua</Filter>
    </ClCompile>
    <ClCompile Include="lua\lcode.c">
      <Filter>lua</Filter>
    </ClCompile>
    <ClCompile Include="lua\lcorolib.c">
      <Filter>lua</Filter>
    </ClCompile>
    <ClCompile Include="lua\lctype.c">
      <Filter>lua</Filter>
    </ClCompile>
    <ClCompile Include="lua\ldblib.c">
      <Filter>lua</Filter>
    </ClCompile>
    <ClCompile Include="lua\ldebug.c">
      <Filter>lua</Filter>
    </ClCompile>
    <ClCompile Include="lua\ldo.c">
      <Filter>lua</Filter>
    </ClCompile>
    <ClCompile Include="lua\ldump.c">
      <Filter>lua</Filter>
    </ClCompile>
    <ClCompile Include="lua\lfunc.c">
      <Filter>lua</Filter>
    </ClCompile>
    <ClCompile Include="lua\lgc.c">
      <Filter>lua</Filter>
    </ClCompile>
    <ClCompile Include="lua\linit.c">
      <Filter>lua</Filter>
    </ClCompile>
    <ClCompile Include="lua\liolib.c">
      <Filter>lua</Filter>
    </ClCompile>
    <ClCompile Include="lua\llex.c">
      <Filter>lua</Filter>
    </ClCompile>
    <ClCompile Include="lua\lmathlib.c">
      <Filter>lua</Filter>
    </ClCompile>
    <ClCompile Include="lua\lmem.c">
      <Filter>lua</Filter>
    </ClCompile>
    <ClCompile Include="lua\loadlib.c">
      <Filter>lua</Filter>
    </ClCompile>
    <ClCompile Include="lua\lobject.c">
      <Filter>lua</Filter>
    </ClCompile>
    <ClCompile Include="lua\lopcodes.c">
      <Filter>lua</Filter>
    </ClCompile>
    <ClCompile Include="lua\loslib.c">
      <Filter>lua</Filter>
    </ClCompile>
    <ClCompile Include="lua\lparser.c">
      <Filter>lua</Filter>
    </ClCompile>
    <ClCompile Include="lua\lstate.c">
      <Filter>lua</Filter>
    </ClCompile>
    <ClCompile Include="lua\lstring.c">
      <Filter>lua</Filter>
    </ClCompile>
    <ClCompile Include="lua\lstrlib.c">
      <Filter>lua</Filter>
    </ClCompile>
    <ClCompile Include="lua\ltable.c">
      <Filter>lua</Filter>
    </ClCompile>
    <ClCompile Include="lua\ltablib.c">
      <Filter>lua</Filter>
    </ClCompile>
    <ClCompile Include="lua\ltm.c">
      <Filter>lua</Filter>
    </ClCompile>
    <ClCompile Include="lua\lundump.c">
      <Filter>lua</Filter>
    </ClCompile>
    <ClCompile Include="lua\lutf8lib.c">
      <Filter>lua</Filter>
    </ClCompile>
    <ClCompile Include="lua\lvm.c">
      <Filter>lua</Filter>
    </ClCompile>
    <ClCompile Include="lua\lzio.c">
      <Filter>lua</Filter>
    </ClCompile>
    <ClCompile Include="scripts\luaRef.cpp">
      <Filter>scripts</Filter>
    </ClCompile>
    <ClCompile Include="scripts\luaTools.cpp">
      <Filter>scripts</Filter>
    </ClCompile>
    <ClCompile Include="scripts\luaException.cpp">
      <Filter>scripts</Filter>
    </ClCompile>
    <ClCompile Include="scripts\luaBinder.cpp">
      <Filter>scripts</Filter>
    </ClCompile>
    <ClCompile Include="scripts\luaObject.cpp">
      <Filter>scripts</Filter>
    </ClCompile>
    <ClCompile Include="TODO.cpp">
      <Filter>main</Filter>
    </ClCompile>
    <ClCompile Include="scripts\luaBinder_impl.cpp">
      <Filter>scripts</Filter>
    </ClCompile>
    <ClCompile Include="main.cpp">
      <Filter>main</Filter>
    </ClCompile>
    <ClCompile Include="build\generating\luabind_registers.cpp">
      <Filter>build\generating</Filter>
    </ClCompile>
  </ItemGroup>
  <ItemGroup>
    <ClInclude Include="helper\debug.h">
      <Filter>helper</Filter>
    </ClInclude>
    <ClInclude Include="helper\fileSystem.h">
      <Filter>helper</Filter>
    </ClInclude>
    <ClInclude Include="helper\logger.h">
      <Filter>helper</Filter>
    </ClInclude>
    <ClInclude Include="scripts\luaContext.h">
      <Filter>scripts</Filter>
    </ClInclude>
    <ClInclude Include="lua\lapi.h">
      <Filter>lua</Filter>
    </ClInclude>
    <ClInclude Include="lua\lauxlib.h">
      <Filter>lua</Filter>
    </ClInclude>
    <ClInclude Include="lua\lcode.h">
      <Filter>lua</Filter>
    </ClInclude>
    <ClInclude Include="lua\lctype.h">
      <Filter>lua</Filter>
    </ClInclude>
    <ClInclude Include="lua\ldebug.h">
      <Filter>lua</Filter>
    </ClInclude>
    <ClInclude Include="lua\ldo.h">
      <Filter>lua</Filter>
    </ClInclude>
    <ClInclude Include="lua\lfunc.h">
      <Filter>lua</Filter>
    </ClInclude>
    <ClInclude Include="lua\lgc.h">
      <Filter>lua</Filter>
    </ClInclude>
    <ClInclude Include="lua\llex.h">
      <Filter>lua</Filter>
    </ClInclude>
    <ClInclude Include="lua\llimits.h">
      <Filter>lua</Filter>
    </ClInclude>
    <ClInclude Include="lua\lmem.h">
      <Filter>lua</Filter>
    </ClInclude>
    <ClInclude Include="lua\lobject.h">
      <Filter>lua</Filter>
    </ClInclude>
    <ClInclude Include="lua\lopcodes.h">
      <Filter>lua</Filter>
    </ClInclude>
    <ClInclude Include="lua\lparser.h">
      <Filter>lua</Filter>
    </ClInclude>
    <ClInclude Include="lua\lprefix.h">
      <Filter>lua</Filter>
    </ClInclude>
    <ClInclude Include="lua\lstate.h">
      <Filter>lua</Filter>
    </ClInclude>
    <ClInclude Include="lua\lstring.h">
      <Filter>lua</Filter>
    </ClInclude>
    <ClInclude Include="lua\ltable.h">
      <Filter>lua</Filter>
    </ClInclude>
    <ClInclude Include="lua\ltm.h">
      <Filter>lua</Filter>
    </ClInclude>
    <ClInclude Include="lua\lua.h">
      <Filter>lua</Filter>
    </ClInclude>
    <ClInclude Include="lua\lua.hpp">
      <Filter>lua</Filter>
    </ClInclude>
    <ClInclude Include="lua\luaconf.h">
      <Filter>lua</Filter>
    </ClInclude>
    <ClInclude Include="lua\lualib.h">
      <Filter>lua</Filter>
    </ClInclude>
    <ClInclude Include="lua\lundump.h">
      <Filter>lua</Filter>
    </ClInclude>
    <ClInclude Include="lua\lvm.h">
      <Filter>lua</Filter>
    </ClInclude>
    <ClInclude Include="lua\lzio.h">
      <Filter>lua</Filter>
    </ClInclude>
    <ClInclude Include="scripts\luaBinder.h">
      <Filter>scripts</Filter>
    </ClInclude>
    <ClInclude Include="scripts\luaRef.h">
      <Filter>scripts</Filter>
    </ClInclude>
    <ClInclude Include="scripts\luaTools.h">
      <Filter>scripts</Filter>
    </ClInclude>
    <ClInclude Include="scripts\luaTypeMapping.h">
      <Filter>scripts</Filter>
    </ClInclude>
    <ClInclude Include="scripts\luaException.h">
      <Filter>scripts</Filter>
    </ClInclude>
    <ClInclude Include="scripts\luaCommon.h">
      <Filter>scripts</Filter>
    </ClInclude>
    <ClInclude Include="scripts\luaObject.h">
      <Filter>scripts</Filter>
    </ClInclude>
    <ClInclude Include="scripts\luaInvoke.h">
      <Filter>scripts</Filter>
    </ClInclude>
    <ClInclude Include="scripts\luaBinder_impl.h">
      <Filter>scripts</Filter>
    </ClInclude>
    <ClInclude Include="scripts\luaArg.h">
      <Filter>scripts</Filter>
    </ClInclude>
    <ClInclude Include="test.h">
      <Filter>main</Filter>
    </ClInclude>
  </ItemGroup>
  <ItemGroup>
    <None Include="..\Assets\main.lua">
      <Filter>main</Filter>
    </None>
    <None Include="precompile.bat" />
  </ItemGroup>
</Project>